{
  "name": "php-mqtt-fluxDB",
  "lockfileVersion": 2,
  "requires": true,
  "packages": {
    "": {
      "dependencies": {
        "chartjs-plugin-annotation": "^2.1.0",
        "chartjs-plugin-zoom": "^2.0.0"
      }
    },
    "node_modules/chart.js": {
      "version": "4.0.1",
      "resolved": "https://registry.npmjs.org/chart.js/-/chart.js-4.0.1.tgz",
      "integrity": "sha512-5/8/9eBivwBZK81mKvmIwTb2Pmw4D/5h1RK9fBWZLLZ8mCJ+kfYNmV9rMrGoa5Hgy2/wVDBMLSUDudul2/9ihA==",
      "peer": true,
      "engines": {
        "pnpm": "^7.0.0"
      }
    },
    "node_modules/chartjs-plugin-annotation": {
      "version": "2.1.0",
      "resolved": "https://registry.npmjs.org/chartjs-plugin-annotation/-/chartjs-plugin-annotation-2.1.0.tgz",
      "integrity": "sha512-wHxP6mBWrgdldAEbHM5nMaMJ3PuunXgiotVh8natosuZsEqpjU0ZeyvMTBwIkKXLSDncb3faLunl4BI89Vmj/g==",
      "peerDependencies": {
        "chart.js": ">=3.7.0"
      }
    },
    "node_modules/chartjs-plugin-zoom": {
      "version": "2.0.0",
      "resolved": "https://registry.npmjs.org/chartjs-plugin-zoom/-/chartjs-plugin-zoom-2.0.0.tgz",
      "integrity": "sha512-bqpi7DGy9a5hX7ThKl/xQaLzXvneSwhS0w/lNimZ8AJaoRVMKz5JfUoqwciJYV5ixKXJbgyvwC9HcJnyVsYmjg==",
      "dependencies": {
        "hammerjs": "^2.0.8"
      },
      "peerDependencies": {
        "chart.js": ">=3.2.0"
      }
    },
    "node_modules/hammerjs": {
      "version": "2.0.8",
      "resolved": "https://registry.npmjs.org/hammerjs/-/hammerjs-2.0.8.tgz",
      "integrity": "sha512-tSQXBXS/MWQOn/RKckawJ61vvsDpCom87JgxiYdGwHdOa0ht0vzUWDlfioofFCRU0L+6NGDt6XzbgoJvZkMeRQ==",
      "engines": {
        "node": ">=0.8.0"
      }
    }
  },
  "dependencies": {
    "chart.js": {
      "version": "4.0.1",
      "resolved": "https://registry.npmjs.org/chart.js/-/chart.js-4.0.1.tgz",
      "integrity": "sha512-5/8/9eBivwBZK81mKvmIwTb2Pmw4D/5h1RK9fBWZLLZ8mCJ+kfYNmV9rMrGoa5Hgy2/wVDBMLSUDudul2/9ihA==",
      "peer": true
    },
    "chartjs-plugin-annotation": {
      "version": "2.1.0",
      "resolved": "https://registry.npmjs.org/chartjs-plugin-annotation/-/chartjs-plugin-annotation-2.1.0.tgz",
      "integrity": "sha512-wHxP6mBWrgdldAEbHM5nMaMJ3PuunXgiotVh8natosuZsEqpjU0ZeyvMTBwIkKXLSDncb3faLunl4BI89Vmj/g==",
      "requires": {}
    },
    "chartjs-plugin-zoom": {
      "version": "2.0.0",
      "resolved": "https://registry.npmjs.org/chartjs-plugin-zoom/-/chartjs-plugin-zoom-2.0.0.tgz",
      "integrity": "sha512-bqpi7DGy9a5hX7ThKl/xQaLzXvneSwhS0w/lNimZ8AJaoRVMKz5JfUoqwciJYV5ixKXJbgyvwC9HcJnyVsYmjg==",
      "requires": {
        "hammerjs": "^2.0.8"
      }
    },
    "hammerjs": {
      "version": "2.0.8",
      "resolved": "https://registry.npmjs.org/hammerjs/-/hammerjs-2.0.8.tgz",
      "integrity": "sha512-tSQXBXS/MWQOn/RKckawJ61vvsDpCom87JgxiYdGwHdOa0ht0vzUWDlfioofFCRU0L+6NGDt6XzbgoJvZkMeRQ=="
    }
  }
}
